// !$*UTF8*$!
{
	archiveVersion = 1;
	classes = {
	};
	objectVersion = 46;
	objects = {

/* Begin PBXBuildFile section */
		1A14C3DF1A40FC7A009B1813 /* AddContributorViewController.m in Sources */ = {isa = PBXBuildFile; fileRef = 1A14C3DE1A40FC7A009B1813 /* AddContributorViewController.m */; };
		1A1A87791A3E0297003F6D9A /* main.m in Sources */ = {isa = PBXBuildFile; fileRef = 1A1A87781A3E0297003F6D9A /* main.m */; };
		1A1A877C1A3E0297003F6D9A /* AppDelegate.m in Sources */ = {isa = PBXBuildFile; fileRef = 1A1A877B1A3E0297003F6D9A /* AppDelegate.m */; };
		1A1A877F1A3E0297003F6D9A /* ViewController.m in Sources */ = {isa = PBXBuildFile; fileRef = 1A1A877E1A3E0297003F6D9A /* ViewController.m */; };
		1A1A87821A3E0297003F6D9A /* Main.storyboard in Resources */ = {isa = PBXBuildFile; fileRef = 1A1A87801A3E0297003F6D9A /* Main.storyboard */; };
		1A1A87841A3E0297003F6D9A /* Images.xcassets in Resources */ = {isa = PBXBuildFile; fileRef = 1A1A87831A3E0297003F6D9A /* Images.xcassets */; };
		1A1A87871A3E0297003F6D9A /* LaunchScreen.xib in Resources */ = {isa = PBXBuildFile; fileRef = 1A1A87851A3E0297003F6D9A /* LaunchScreen.xib */; };
		1A1A87931A3E0297003F6D9A /* PRGeneratorTests.m in Sources */ = {isa = PBXBuildFile; fileRef = 1A1A87921A3E0297003F6D9A /* PRGeneratorTests.m */; };
		1A1A87A11A3E1090003F6D9A /* PRGenerator@2x.png in Resources */ = {isa = PBXBuildFile; fileRef = 1A1A87A01A3E1090003F6D9A /* PRGenerator@2x.png */; };
		1A1A87A41A3E123E003F6D9A /* check@2x.png in Resources */ = {isa = PBXBuildFile; fileRef = 1A1A87A21A3E123E003F6D9A /* check@2x.png */; };
		1A1A87A51A3E123E003F6D9A /* PRGicon@2x.png in Resources */ = {isa = PBXBuildFile; fileRef = 1A1A87A31A3E123E003F6D9A /* PRGicon@2x.png */; };
		EF46E9D55369ECE4654B21AF /* libPods-PRGenerator.a in Frameworks */ = {isa = PBXBuildFile; fileRef = 3DB1E7787CD4A227F4C23E66 /* libPods-PRGenerator.a */; };
/* End PBXBuildFile section */

/* Begin PBXContainerItemProxy section */
		1A1A878D1A3E0297003F6D9A /* PBXContainerItemProxy */ = {
			isa = PBXContainerItemProxy;
			containerPortal = 1A1A876B1A3E0297003F6D9A /* Project object */;
			proxyType = 1;
			remoteGlobalIDString = 1A1A87721A3E0297003F6D9A;
			remoteInfo = PRGenerator;
		};
/* End PBXContainerItemProxy section */

/* Begin PBXFileReference section */
		1A14C3DD1A40FC7A009B1813 /* AddContributorViewController.h */ = {isa = PBXFileReference; fileEncoding = 4; lastKnownFileType = sourcecode.c.h; path = AddContributorViewController.h; sourceTree = "<group>"; };
		1A14C3DE1A40FC7A009B1813 /* AddContributorViewController.m */ = {isa = PBXFileReference; fileEncoding = 4; lastKnownFileType = sourcecode.c.objc; path = AddContributorViewController.m; sourceTree = "<group>"; };
		1A1A87731A3E0297003F6D9A /* PRGenerator.app */ = {isa = PBXFileReference; explicitFileType = wrapper.application; includeInIndex = 0; path = PRGenerator.app; sourceTree = BUILT_PRODUCTS_DIR; };
		1A1A87771A3E0297003F6D9A /* Info.plist */ = {isa = PBXFileReference; lastKnownFileType = text.plist.xml; path = Info.plist; sourceTree = "<group>"; };
		1A1A87781A3E0297003F6D9A /* main.m */ = {isa = PBXFileReference; lastKnownFileType = sourcecode.c.objc; path = main.m; sourceTree = "<group>"; };
		1A1A877A1A3E0297003F6D9A /* AppDelegate.h */ = {isa = PBXFileReference; lastKnownFileType = sourcecode.c.h; path = AppDelegate.h; sourceTree = "<group>"; };
		1A1A877B1A3E0297003F6D9A /* AppDelegate.m */ = {isa = PBXFileReference; lastKnownFileType = sourcecode.c.objc; path = AppDelegate.m; sourceTree = "<group>"; };
		1A1A877D1A3E0297003F6D9A /* ViewController.h */ = {isa = PBXFileReference; lastKnownFileType = sourcecode.c.h; path = ViewController.h; sourceTree = "<group>"; };
		1A1A877E1A3E0297003F6D9A /* ViewController.m */ = {isa = PBXFileReference; lastKnownFileType = sourcecode.c.objc; path = ViewController.m; sourceTree = "<group>"; };
		1A1A87811A3E0297003F6D9A /* Base */ = {isa = PBXFileReference; lastKnownFileType = file.storyboard; name = Base; path = Base.lproj/Main.storyboard; sourceTree = "<group>"; };
		1A1A87831A3E0297003F6D9A /* Images.xcassets */ = {isa = PBXFileReference; lastKnownFileType = folder.assetcatalog; path = Images.xcassets; sourceTree = "<group>"; };
		1A1A87861A3E0297003F6D9A /* Base */ = {isa = PBXFileReference; lastKnownFileType = file.xib; name = Base; path = Base.lproj/LaunchScreen.xib; sourceTree = "<group>"; };
		1A1A878C1A3E0297003F6D9A /* PRGeneratorTests.xctest */ = {isa = PBXFileReference; explicitFileType = wrapper.cfbundle; includeInIndex = 0; path = PRGeneratorTests.xctest; sourceTree = BUILT_PRODUCTS_DIR; };
		1A1A87911A3E0297003F6D9A /* Info.plist */ = {isa = PBXFileReference; lastKnownFileType = text.plist.xml; path = Info.plist; sourceTree = "<group>"; };
		1A1A87921A3E0297003F6D9A /* PRGeneratorTests.m */ = {isa = PBXFileReference; lastKnownFileType = sourcecode.c.objc; path = PRGeneratorTests.m; sourceTree = "<group>"; };
		1A1A87A01A3E1090003F6D9A /* PRGenerator@2x.png */ = {isa = PBXFileReference; lastKnownFileType = image.png; path = "PRGenerator@2x.png"; sourceTree = "<group>"; };
		1A1A87A21A3E123E003F6D9A /* check@2x.png */ = {isa = PBXFileReference; lastKnownFileType = image.png; path = "check@2x.png"; sourceTree = "<group>"; };
		1A1A87A31A3E123E003F6D9A /* PRGicon@2x.png */ = {isa = PBXFileReference; lastKnownFileType = image.png; path = "PRGicon@2x.png"; sourceTree = "<group>"; };
		3DB1E7787CD4A227F4C23E66 /* libPods-PRGenerator.a */ = {isa = PBXFileReference; explicitFileType = archive.ar; includeInIndex = 0; path = "libPods-PRGenerator.a"; sourceTree = BUILT_PRODUCTS_DIR; };
		774183905447A08104667F2B /* Pods-PRGenerator.debug.xcconfig */ = {isa = PBXFileReference; includeInIndex = 1; lastKnownFileType = text.xcconfig; name = "Pods-PRGenerator.debug.xcconfig"; path = "Pods/Target Support Files/Pods-PRGenerator/Pods-PRGenerator.debug.xcconfig"; sourceTree = "<group>"; };
		A3FF37420CDFCFA09859B1B6 /* Pods-PRGenerator.release.xcconfig */ = {isa = PBXFileReference; includeInIndex = 1; lastKnownFileType = text.xcconfig; name = "Pods-PRGenerator.release.xcconfig"; path = "Pods/Target Support Files/Pods-PRGenerator/Pods-PRGenerator.release.xcconfig"; sourceTree = "<group>"; };
/* End PBXFileReference section */

/* Begin PBXFrameworksBuildPhase section */
		1A1A87701A3E0297003F6D9A /* Frameworks */ = {
			isa = PBXFrameworksBuildPhase;
			buildActionMask = 2147483647;
			files = (
				EF46E9D55369ECE4654B21AF /* libPods-PRGenerator.a in Frameworks */,
			);
			runOnlyForDeploymentPostprocessing = 0;
		};
		1A1A87891A3E0297003F6D9A /* Frameworks */ = {
			isa = PBXFrameworksBuildPhase;
			buildActionMask = 2147483647;
			files = (
			);
			runOnlyForDeploymentPostprocessing = 0;
		};
/* End PBXFrameworksBuildPhase section */

/* Begin PBXGroup section */
		1A1A876A1A3E0297003F6D9A = {
			isa = PBXGroup;
			children = (
				1A1A87751A3E0297003F6D9A /* PRGenerator */,
				1A1A878F1A3E0297003F6D9A /* PRGeneratorTests */,
				1A1A87741A3E0297003F6D9A /* Products */,
				B38EA92529E42289FA79993D /* Pods */,
				ACF443E1A9AE3AFF1FA8D102 /* Frameworks */,
			);
			sourceTree = "<group>";
		};
		1A1A87741A3E0297003F6D9A /* Products */ = {
			isa = PBXGroup;
			children = (
				1A1A87731A3E0297003F6D9A /* PRGenerator.app */,
				1A1A878C1A3E0297003F6D9A /* PRGeneratorTests.xctest */,
			);
			name = Products;
			sourceTree = "<group>";
		};
		1A1A87751A3E0297003F6D9A /* PRGenerator */ = {
			isa = PBXGroup;
			children = (
				1A1A877A1A3E0297003F6D9A /* AppDelegate.h */,
				1A1A877B1A3E0297003F6D9A /* AppDelegate.m */,
				1A1A877D1A3E0297003F6D9A /* ViewController.h */,
				1A1A877E1A3E0297003F6D9A /* ViewController.m */,
				1A14C3DD1A40FC7A009B1813 /* AddContributorViewController.h */,
				1A14C3DE1A40FC7A009B1813 /* AddContributorViewController.m */,
				1A1A87801A3E0297003F6D9A /* Main.storyboard */,
				1A1A87831A3E0297003F6D9A /* Images.xcassets */,
				1A1A87851A3E0297003F6D9A /* LaunchScreen.xib */,
				1A1A87A21A3E123E003F6D9A /* check@2x.png */,
				1A1A87A31A3E123E003F6D9A /* PRGicon@2x.png */,
				1A1A87A01A3E1090003F6D9A /* PRGenerator@2x.png */,
				1A1A87761A3E0297003F6D9A /* Supporting Files */,
			);
			path = PRGenerator;
			sourceTree = "<group>";
		};
		1A1A87761A3E0297003F6D9A /* Supporting Files */ = {
			isa = PBXGroup;
			children = (
				1A1A87771A3E0297003F6D9A /* Info.plist */,
				1A1A87781A3E0297003F6D9A /* main.m */,
			);
			name = "Supporting Files";
			sourceTree = "<group>";
		};
		1A1A878F1A3E0297003F6D9A /* PRGeneratorTests */ = {
			isa = PBXGroup;
			children = (
				1A1A87921A3E0297003F6D9A /* PRGeneratorTests.m */,
				1A1A87901A3E0297003F6D9A /* Supporting Files */,
			);
			path = PRGeneratorTests;
			sourceTree = "<group>";
		};
		1A1A87901A3E0297003F6D9A /* Supporting Files */ = {
			isa = PBXGroup;
			children = (
				1A1A87911A3E0297003F6D9A /* Info.plist */,
			);
			name = "Supporting Files";
			sourceTree = "<group>";
		};
		ACF443E1A9AE3AFF1FA8D102 /* Frameworks */ = {
			isa = PBXGroup;
			children = (
				3DB1E7787CD4A227F4C23E66 /* libPods-PRGenerator.a */,
			);
			name = Frameworks;
			sourceTree = "<group>";
		};
		B38EA92529E42289FA79993D /* Pods */ = {
			isa = PBXGroup;
			children = (
				774183905447A08104667F2B /* Pods-PRGenerator.debug.xcconfig */,
				A3FF37420CDFCFA09859B1B6 /* Pods-PRGenerator.release.xcconfig */,
			);
			name = Pods;
			sourceTree = "<group>";
		};
/* End PBXGroup section */

/* Begin PBXNativeTarget section */
		1A1A87721A3E0297003F6D9A /* PRGenerator */ = {
			isa = PBXNativeTarget;
			buildConfigurationList = 1A1A87961A3E0297003F6D9A /* Build configuration list for PBXNativeTarget "PRGenerator" */;
			buildPhases = (
				AB1BE26113020C447B809E09 /* Check Pods Manifest.lock */,
				1A1A876F1A3E0297003F6D9A /* Sources */,
				1A1A87701A3E0297003F6D9A /* Frameworks */,
				1A1A87711A3E0297003F6D9A /* Resources */,
				CC0393D63ECD42A521B990D2 /* Copy Pods Resources */,
			);
			buildRules = (
			);
			dependencies = (
			);
			name = PRGenerator;
			productName = PRGenerator;
			productReference = 1A1A87731A3E0297003F6D9A /* PRGenerator.app */;
			productType = "com.apple.product-type.application";
		};
		1A1A878B1A3E0297003F6D9A /* PRGeneratorTests */ = {
			isa = PBXNativeTarget;
			buildConfigurationList = 1A1A87991A3E0297003F6D9A /* Build configuration list for PBXNativeTarget "PRGeneratorTests" */;
			buildPhases = (
				1A1A87881A3E0297003F6D9A /* Sources */,
				1A1A87891A3E0297003F6D9A /* Frameworks */,
				1A1A878A1A3E0297003F6D9A /* Resources */,
			);
			buildRules = (
			);
			dependencies = (
				1A1A878E1A3E0297003F6D9A /* PBXTargetDependency */,
			);
			name = PRGeneratorTests;
			productName = PRGeneratorTests;
			productReference = 1A1A878C1A3E0297003F6D9A /* PRGeneratorTests.xctest */;
			productType = "com.apple.product-type.bundle.unit-test";
		};
/* End PBXNativeTarget section */

/* Begin PBXProject section */
		1A1A876B1A3E0297003F6D9A /* Project object */ = {
			isa = PBXProject;
			attributes = {
				LastUpgradeCheck = 0610;
				ORGANIZATIONNAME = "Jean-Louis Danielo";
				TargetAttributes = {
					1A1A87721A3E0297003F6D9A = {
						CreatedOnToolsVersion = 6.1;
					};
					1A1A878B1A3E0297003F6D9A = {
						CreatedOnToolsVersion = 6.1;
						TestTargetID = 1A1A87721A3E0297003F6D9A;
					};
				};
			};
			buildConfigurationList = 1A1A876E1A3E0297003F6D9A /* Build configuration list for PBXProject "PRGenerator" */;
			compatibilityVersion = "Xcode 3.2";
			developmentRegion = English;
			hasScannedForEncodings = 0;
			knownRegions = (
				en,
				Base,
			);
			mainGroup = 1A1A876A1A3E0297003F6D9A;
			productRefGroup = 1A1A87741A3E0297003F6D9A /* Products */;
			projectDirPath = "";
			projectRoot = "";
			targets = (
				1A1A87721A3E0297003F6D9A /* PRGenerator */,
				1A1A878B1A3E0297003F6D9A /* PRGeneratorTests */,
			);
		};
/* End PBXProject section */

/* Begin PBXResourcesBuildPhase section */
		1A1A87711A3E0297003F6D9A /* Resources */ = {
			isa = PBXResourcesBuildPhase;
			buildActionMask = 2147483647;
			files = (
				1A1A87A41A3E123E003F6D9A /* check@2x.png in Resources */,
				1A1A87A11A3E1090003F6D9A /* PRGenerator@2x.png in Resources */,
				1A1A87821A3E0297003F6D9A /* Main.storyboard in Resources */,
				1A1A87A51A3E123E003F6D9A /* PRGicon@2x.png in Resources */,
				1A1A87871A3E0297003F6D9A /* LaunchScreen.xib in Resources */,
				1A1A87841A3E0297003F6D9A /* Images.xcassets in Resources */,
			);
			runOnlyForDeploymentPostprocessing = 0;
		};
		1A1A878A1A3E0297003F6D9A /* Resources */ = {
			isa = PBXResourcesBuildPhase;
			buildActionMask = 2147483647;
			files = (
			);
			runOnlyForDeploymentPostprocessing = 0;
		};
/* End PBXResourcesBuildPhase section */

/* Begin PBXShellScriptBuildPhase section */
		AB1BE26113020C447B809E09 /* Check Pods Manifest.lock */ = {
			isa = PBXShellScriptBuildPhase;
			buildActionMask = 2147483647;
			files = (
			);
			inputPaths = (
			);
			name = "Check Pods Manifest.lock";
			outputPaths = (
			);
			runOnlyForDeploymentPostprocessing = 0;
			shellPath = /bin/sh;
			shellScript = "diff \"${PODS_ROOT}/../Podfile.lock\" \"${PODS_ROOT}/Manifest.lock\" > /dev/null\nif [[ $? != 0 ]] ; then\n    cat << EOM\nerror: The sandbox is not in sync with the Podfile.lock. Run 'pod install' or update your CocoaPods installation.\nEOM\n    exit 1\nfi\n";
			showEnvVarsInLog = 0;
		};
		CC0393D63ECD42A521B990D2 /* Copy Pods Resources */ = {
			isa = PBXShellScriptBuildPhase;
			buildActionMask = 2147483647;
			files = (
			);
			inputPaths = (
			);
			name = "Copy Pods Resources";
			outputPaths = (
			);
			runOnlyForDeploymentPostprocessing = 0;
			shellPath = /bin/sh;
			shellScript = "\"${SRCROOT}/Pods/Target Support Files/Pods-PRGenerator/Pods-PRGenerator-resources.sh\"\n";
			showEnvVarsInLog = 0;
		};
/* End PBXShellScriptBuildPhase section */

/* Begin PBXSourcesBuildPhase section */
		1A1A876F1A3E0297003F6D9A /* Sources */ = {
			isa = PBXSourcesBuildPhase;
			buildActionMask = 2147483647;
			files = (
				1A14C3DF1A40FC7A009B1813 /* AddContributorViewController.m in Sources */,
				1A1A877F1A3E0297003F6D9A /* ViewController.m in Sources */,
				1A1A877C1A3E0297003F6D9A /* AppDelegate.m in Sources */,
				1A1A87791A3E0297003F6D9A /* main.m in Sources */,
			);
			runOnlyForDeploymentPostprocessing = 0;
		};
		1A1A87881A3E0297003F6D9A /* Sources */ = {
			isa = PBXSourcesBuildPhase;
			buildActionMask = 2147483647;
			files = (
				1A1A87931A3E0297003F6D9A /* PRGeneratorTests.m in Sources */,
			);
			runOnlyForDeploymentPostprocessing = 0;
		};
/* End PBXSourcesBuildPhase section */

/* Begin PBXTargetDependency section */
		1A1A878E1A3E0297003F6D9A /* PBXTargetDependency */ = {
			isa = PBXTargetDependency;
			target = 1A1A87721A3E0297003F6D9A /* PRGenerator */;
			targetProxy = 1A1A878D1A3E0297003F6D9A /* PBXContainerItemProxy */;
		};
/* End PBXTargetDependency section */

/* Begin PBXVariantGroup section */
		1A1A87801A3E0297003F6D9A /* Main.storyboard */ = {
			isa = PBXVariantGroup;
			children = (
				1A1A87811A3E0297003F6D9A /* Base */,
			);
			name = Main.storyboard;
			sourceTree = "<group>";
		};
		1A1A87851A3E0297003F6D9A /* LaunchScreen.xib */ = {
			isa = PBXVariantGroup;
			children = (
				1A1A87861A3E0297003F6D9A /* Base */,
			);
			name = LaunchScreen.xib;
			sourceTree = "<group>";
		};
/* End PBXVariantGroup section */

/* Begin XCBuildConfiguration section */
		1A1A87941A3E0297003F6D9A /* Debug */ = {
			isa = XCBuildConfiguration;
			buildSettings = {
				ALWAYS_SEARCH_USER_PATHS = NO;
				CLANG_CXX_LANGUAGE_STANDARD = "gnu++0x";
				CLANG_CXX_LIBRARY = "libc++";
				CLANG_ENABLE_MODULES = YES;
				CLANG_ENABLE_OBJC_ARC = YES;
				CLANG_WARN_BOOL_CONVERSION = YES;
				CLANG_WARN_CONSTANT_CONVERSION = YES;
				CLANG_WARN_DIRECT_OBJC_ISA_USAGE = YES_ERROR;
				CLANG_WARN_EMPTY_BODY = YES;
				CLANG_WARN_ENUM_CONVERSION = YES;
				CLANG_WARN_INT_CONVERSION = YES;
				CLANG_WARN_OBJC_ROOT_CLASS = YES_ERROR;
				CLANG_WARN_UNREACHABLE_CODE = YES;
				CLANG_WARN__DUPLICATE_METHOD_MATCH = YES;
				"CODE_SIGN_IDENTITY[sdk=iphoneos*]" = "iPhone Developer";
				COPY_PHASE_STRIP = NO;
				ENABLE_STRICT_OBJC_MSGSEND = YES;
				GCC_C_LANGUAGE_STANDARD = gnu99;
				GCC_DYNAMIC_NO_PIC = NO;
				GCC_OPTIMIZATION_LEVEL = 0;
				GCC_PREPROCESSOR_DEFINITIONS = (
					"DEBUG=1",
					"$(inherited)",
				);
				GCC_SYMBOLS_PRIVATE_EXTERN = NO;
				GCC_WARN_64_TO_32_BIT_CONVERSION = YES;
				GCC_WARN_ABOUT_RETURN_TYPE = YES_ERROR;
				GCC_WARN_UNDECLARED_SELECTOR = YES;
				GCC_WARN_UNINITIALIZED_AUTOS = YES_AGGRESSIVE;
				GCC_WARN_UNUSED_FUNCTION = YES;
				GCC_WARN_UNUSED_VARIABLE = YES;
				IPHONEOS_DEPLOYMENT_TARGET = 8.1;
				MTL_ENABLE_DEBUG_INFO = YES;
				ONLY_ACTIVE_ARCH = YES;
				SDKROOT = iphoneos;
			};
			name = Debug;
		};
		1A1A87951A3E0297003F6D9A /* Release */ = {
			isa = XCBuildConfiguration;
			buildSettings = {
				ALWAYS_SEARCH_USER_PATHS = NO;
				CLANG_CXX_LANGUAGE_STANDARD = "gnu++0x";
				CLANG_CXX_LIBRARY = "libc++";
				CLANG_ENABLE_MODULES = YES;
				CLANG_ENABLE_OBJC_ARC = YES;
				CLANG_WARN_BOOL_CONVERSION = YES;
				CLANG_WARN_CONSTANT_CONVERSION = YES;
				CLANG_WARN_DIRECT_OBJC_ISA_USAGE = YES_ERROR;
				CLANG_WARN_EMPTY_BODY = YES;
				CLANG_WARN_ENUM_CONVERSION = YES;
				CLANG_WARN_INT_CONVERSION = YES;
				CLANG_WARN_OBJC_ROOT_CLASS = YES_ERROR;
				CLANG_WARN_UNREACHABLE_CODE = YES;
				CLANG_WARN__DUPLICATE_METHOD_MATCH = YES;
				"CODE_SIGN_IDENTITY[sdk=iphoneos*]" = "iPhone Developer";
				COPY_PHASE_STRIP = YES;
				ENABLE_NS_ASSERTIONS = NO;
				ENABLE_STRICT_OBJC_MSGSEND = YES;
				GCC_C_LANGUAGE_STANDARD = gnu99;
				GCC_WARN_64_TO_32_BIT_CONVERSION = YES;
				GCC_WARN_ABOUT_RETURN_TYPE = YES_ERROR;
				GCC_WARN_UNDECLARED_SELECTOR = YES;
				GCC_WARN_UNINITIALIZED_AUTOS = YES_AGGRESSIVE;
				GCC_WARN_UNUSED_FUNCTION = YES;
				GCC_WARN_UNUSED_VARIABLE = YES;
				IPHONEOS_DEPLOYMENT_TARGET = 8.1;
				MTL_ENABLE_DEBUG_INFO = NO;
				SDKROOT = iphoneos;
				VALIDATE_PRODUCT = YES;
			};
			name = Release;
		};
		1A1A87971A3E0297003F6D9A /* Debug */ = {
			isa = XCBuildConfiguration;
			baseConfigurationReference = 774183905447A08104667F2B /* Pods-PRGenerator.debug.xcconfig */;
			buildSettings = {
				ASSETCATALOG_COMPILER_APPICON_NAME = AppIcon;
				ASSETCATALOG_COMPILER_LAUNCHIMAGE_NAME = LaunchImage;
				INFOPLIST_FILE = PRGenerator/Info.plist;
				IPHONEOS_DEPLOYMENT_TARGET = 8.0;
				LD_RUNPATH_SEARCH_PATHS = "$(inherited) @executable_path/Frameworks";
				PRODUCT_NAME = "$(TARGET_NAME)";
				TARGETED_DEVICE_FAMILY = 1;
			};
			name = Debug;
		};
		1A1A87981A3E0297003F6D9A /* Release */ = {
			isa = XCBuildConfiguration;
			baseConfigurationReference = A3FF37420CDFCFA09859B1B6 /* Pods-PRGenerator.release.xcconfig */;
			buildSettings = {
				ASSETCATALOG_COMPILER_APPICON_NAME = AppIcon;
				ASSETCATALOG_COMPILER_LAUNCHIMAGE_NAME = LaunchImage;
				INFOPLIST_FILE = PRGenerator/Info.plist;
				IPHONEOS_DEPLOYMENT_TARGET = 8.0;
				LD_RUNPATH_SEARCH_PATHS = "$(inherited) @executable_path/Frameworks";
				PRODUCT_NAME = "$(TARGET_NAME)";
				TARGETED_DEVICE_FAMILY = 1;
			};
			name = Release;
		};
		1A1A879A1A3E0297003F6D9A /* Debug */ = {
			isa = XCBuildConfiguration;
			buildSettings = {
				BUNDLE_LOADER = "$(TEST_HOST)";
				FRAMEWORK_SEARCH_PATHS = (
					"$(SDKROOT)/Developer/Library/Frameworks",
					"$(inherited)",
				);
				GCC_PREPROCESSOR_DEFINITIONS = (
					"DEBUG=1",
					"$(inherited)",
				);
				INFOPLIST_FILE = PRGeneratorTests/Info.plist;
				LD_RUNPATH_SEARCH_PATHS = "$(inherited) @executable_path/Frameworks @loader_path/Frameworks";
				PRODUCT_NAME = "$(TARGET_NAME)";
				TEST_HOST = "$(BUILT_PRODUCTS_DIR)/PRGenerator.app/PRGenerator";
			};
			name = Debug;
		};
		1A1A879B1A3E0297003F6D9A /* Release */ = {
			isa = XCBuildConfiguration;
			buildSettings = {
				BUNDLE_LOADER = "$(TEST_HOST)";
				FRAMEWORK_SEARCH_PATHS = (
					"$(SDKROOT)/Developer/Library/Frameworks",
					"$(inherited)",
				);
				INFOPLIST_FILE = PRGeneratorTests/Info.plist;
				LD_RUNPATH_SEARCH_PATHS = "$(inherited) @executable_path/Frameworks @loader_path/Frameworks";
				PRODUCT_NAME = "$(TARGET_NAME)";
				TEST_HOST = "$(BUILT_PRODUCTS_DIR)/PRGenerator.app/PRGenerator";
			};
			name = Release;
		};
/* End XCBuildConfiguration section */

/* Begin XCConfigurationList section */
		1A1A876E1A3E0297003F6D9A /* Build configuration list for PBXProject "PRGenerator" */ = {
			isa = XCConfigurationList;
			buildConfigurations = (
				1A1A87941A3E0297003F6D9A /* Debug */,
				1A1A87951A3E0297003F6D9A /* Release */,
			);
			defaultConfigurationIsVisible = 0;
			defaultConfigurationName = Release;
		};
		1A1A87961A3E0297003F6D9A /* Build configuration list for PBXNativeTarget "PRGenerator" */ = {
			isa = XCConfigurationList;
			buildConfigurations = (
				1A1A87971A3E0297003F6D9A /* Debug */,
				1A1A87981A3E0297003F6D9A /* Release */,
			);
			defaultConfigurationIsVisible = 0;
			defaultConfigurationName = Release;
		};
		1A1A87991A3E0297003F6D9A /* Build configuration list for PBXNativeTarget "PRGeneratorTests" */ = {
			isa = XCConfigurationList;
			buildConfigurations = (
				1A1A879A1A3E0297003F6D9A /* Debug */,
				1A1A879B1A3E0297003F6D9A /* Release */,
			);
			defaultConfigurationIsVisible = 0;
			defaultConfigurationName = Release;
		};
/* End XCConfigurationList section */
	};
	rootObject = 1A1A876B1A3E0297003F6D9A /* Project object */;
}
